{
  "lockfileVersion": 1,
  "configVersion": 0,
  "workspaces": {
    "": {
      "name": "overturist",
      "dependencies": {
        "@aws-sdk/client-s3": "^3.1095.0",
        "@bomb.sh/args": "^0.3.1",
        "@clack/core": "^1.4.3",
        "@clack/prompts": "^1.7.0",
        "@duckdb/node-api": "^1.5.4-r.1",
        "@duckdb/node-bindings-linux-x64": "^1.5.4-r.1",
        "cheerio": "^1.2.0",
        "fast-wrap-ansi": "^0.2.2",
        "kleur": "^4.1.5",
        "node-fetch": "^3.3.2",
        "picocolors": "^1.1.1",
        "string-width": "^8.2.2",
        "typescript": "^6.0.3",
      },
      "devDependencies": {
        "@biomejs/biome": "^2.5.5",
        "@changesets/cli": "^2.31.1",
        "@commitlint/config-conventional": "^21.2.0",
        "@types/node": "^25.9.5",
        "husky": "^9.1.7",
      },
    },
  },
  "packages": {
    "@aws-sdk/checksums": ["@aws-sdk/checksums@3.1000.25", "", { "dependencies": { "@aws-sdk/core": "^3.977.5", "@aws-sdk/types": "^3.974.2", "@smithy/core": "^3.31.1", "@smithy/types": "^4.16.1", "tslib": "^2.6.2" } }, "sha512-zUjEceMw6vhAxMayAlF/vkkKqP9gHbENqvz11t4FbfDlxB/WtW/Az1orJAQ00Pc/yORLQJXKE24w11Ktu/XBcg=="],

    "@aws-sdk/client-s3": ["@aws-sdk/client-s3@3.1102.0", "", { "dependencies": { "@aws-sdk/checksums": "^3.1000.25", "@aws-sdk/core": "^3.977.5", "@aws-sdk/credential-provider-node": "^3.972.77", "@aws-sdk/middleware-sdk-s3": "^3.972.71", "@aws-sdk/signature-v4-multi-region": "^3.996.43", "@aws-sdk/types": "^3.974.2", "@smithy/core": "^3.31.1", "@smithy/fetch-http-handler": "^5.6.13", "@smithy/node-http-handler": "^4.9.13", "@smithy/types": "^4.16.1", "tslib": "^2.6.2" } }, "sha512-VQL/oWlt0+Rj2QZcAnp3+hMHW/T01EmkPQXf9ise2gz6d95U82eVE1dPBpMlnv4aDiz99TrMR0DHmceCjCkCmA=="],

    "@aws-sdk/core": ["@aws-sdk/core@3.977.5", "", { "dependencies": { "@aws-sdk/types": "^3.974.2", "@aws-sdk/xml-builder": "^3.972.37", "@aws/lambda-invoke-store": "^0.3.0", "@smithy/core": "^3.31.1", "@smithy/signature-v4": "^5.6.12", "@smithy/types": "^4.16.1", "bowser": "^2.11.0", "tslib": "^2.6.2" } }, "sha512-O5otOc1c6UZh5HsHAaPdYBcUUR9HL6mtnKqvc8nxN/CKDGUBUpsdh0q8K04Uz/dd1i0TaGyIQuQNqoO7+ad2TQ=="],

    "@aws-sdk/credential-provider-env": ["@aws-sdk/credential-provider-env@3.972.66", "", { "dependencies": { "@aws-sdk/core": "^3.977.5", "@aws-sdk/types": "^3.974.2", "@smithy/core": "^3.31.1", "@smithy/types": "^4.16.1", "tslib": "^2.6.2" } }, "sha512-bOzP2+zdJ0XrghywB4FaJXtGZCx9yS0AGps+VJ5yEgg30wVyHNmVDBwVDXcRypzQY5iLGCS3NSn0nsuISqjFCQ=="],

    "@aws-sdk/credential-provider-http": ["@aws-sdk/credential-provider-http@3.972.68", "", { "dependencies": { "@aws-sdk/core": "^3.977.5", "@aws-sdk/types": "^3.974.2", "@smithy/core": "^3.31.1", "@smithy/fetch-http-handler": "^5.6.13", "@smithy/node-http-handler": "^4.9.13", "@smithy/types": "^4.16.1", "tslib": "^2.6.2" } }, "sha512-lkunS8X+H6V76WE+t/uGQm/U8v0JXK5mLfNFTUAMlE1kqaCjwlmqKJrgCVtqjK/vqnlrSWsLK4Lr4NANBWlfTQ=="],

    "@aws-sdk/credential-provider-ini": ["@aws-sdk/credential-provider-ini@3.973.11", "", { "dependencies": { "@aws-sdk/core": "^3.977.5", "@aws-sdk/credential-provider-env": "^3.972.66", "@aws-sdk/credential-provider-http": "^3.972.68", "@aws-sdk/credential-provider-login": "^3.972.73", "@aws-sdk/credential-provider-process": "^3.972.66", "@aws-sdk/credential-provider-sso": "^3.973.10", "@aws-sdk/credential-provider-web-identity": "^3.972.72", "@aws-sdk/nested-clients": "^3.997.40", "@aws-sdk/types": "^3.974.2", "@smithy/core": "^3.31.1", "@smithy/credential-provider-imds": "^4.4.16", "@smithy/types": "^4.16.1", "tslib": "^2.6.2" } }, "sha512-KoDEolYtLHG/8C+IiZpXbJWyBOMkrHV+j66Kb9PBXmLv5euGb7aELvuCmLenoGAV6gBW2wM7TsG/1e5iulH4kA=="],

    "@aws-sdk/credential-provider-login": ["@aws-sdk/credential-provider-login@3.972.73", "", { "dependencies": { "@aws-sdk/core": "^3.977.5", "@aws-sdk/nested-clients": "^3.997.40", "@aws-sdk/types": "^3.974.2", "@smithy/core": "^3.31.1", "@smithy/types": "^4.16.1", "tslib": "^2.6.2" } }, "sha512-tjsxMkTAFkmiV9ycmymapb9nLECWVOwFs0bZMQ9gB9bnbY8/HwfukHZlWbXZZp7qkPU6EXAfOcMm3DioFFEywA=="],

    "@aws-sdk/credential-provider-node": ["@aws-sdk/credential-provider-node@3.972.77", "", { "dependencies": { "@aws-sdk/credential-provider-env": "^3.972.66", "@aws-sdk/credential-provider-http": "^3.972.68", "@aws-sdk/credential-provider-ini": "^3.973.11", "@aws-sdk/credential-provider-process": "^3.972.66", "@aws-sdk/credential-provider-sso": "^3.973.10", "@aws-sdk/credential-provider-web-identity": "^3.972.72", "@aws-sdk/types": "^3.974.2", "@smithy/core": "^3.31.1", "@smithy/credential-provider-imds": "^4.4.16", "@smithy/types": "^4.16.1", "tslib": "^2.6.2" } }, "sha512-l4nitYCN/Ls57vtUfdextCjTjW41JD7lQiAnuR0RTbdByFc/6OmEAzwGd+lrp6CUtiXGQL1FCaYiamfHASrwBw=="],

    "@aws-sdk/credential-provider-process": ["@aws-sdk/credential-provider-process@3.972.66", "", { "dependencies": { "@aws-sdk/core": "^3.977.5", "@aws-sdk/types": "^3.974.2", "@smithy/core": "^3.31.1", "@smithy/types": "^4.16.1", "tslib": "^2.6.2" } }, "sha512-YOnX6bIhdjx0QfaENu2PB0eFm5MEc9ft8XNGQ+NxMfeLSq9aE+XjWCwDupEnV4UWv5ZFpBLJbTREIx7KNOoqpQ=="],

    "@aws-sdk/credential-provider-sso": ["@aws-sdk/credential-provider-sso@3.973.10", "", { "dependencies": { "@aws-sdk/core": "^3.977.5", "@aws-sdk/nested-clients": "^3.997.40", "@aws-sdk/token-providers": "3.1102.0", "@aws-sdk/types": "^3.974.2", "@smithy/core": "^3.31.1", "@smithy/types": "^4.16.1", "tslib": "^2.6.2" } }, "sha512-IsXnQ35j5VE+3ZK6aIhT5ypB+Jim3zRwVz0nYuVwyBKZyu/SYx+O2/LQpng8c2EiuwyqceabsDlYrICHDlJPsA=="],

    "@aws-sdk/credential-provider-web-identity": ["@aws-sdk/credential-provider-web-identity@3.972.72", "", { "dependencies": { "@aws-sdk/core": "^3.977.5", "@aws-sdk/nested-clients": "^3.997.40", "@aws-sdk/types": "^3.974.2", "@smithy/core": "^3.31.1", "@smithy/types": "^4.16.1", "tslib": "^2.6.2" } }, "sha512-nj9Zlsy7ya+fy+jhWTJwgfr7YdtDM4xHyZvgKuftuny0UgROVx9lxwvsWJSLvpKk4lig0m0tHng3k1fEnt0LeA=="],

    "@aws-sdk/middleware-sdk-s3": ["@aws-sdk/middleware-sdk-s3@3.972.71", "", { "dependencies": { "@aws-sdk/core": "^3.977.5", "@aws-sdk/signature-v4-multi-region": "^3.996.43", "@aws-sdk/types": "^3.974.2", "@smithy/core": "^3.31.1", "@smithy/types": "^4.16.1", "tslib": "^2.6.2" } }, "sha512-5fpExT7JOIZSIWExXCgJVbZzbaOlNrS/rE5Eoesnp0ONMbnCtiyYsCkahNIdlXtKrO6XHqXI6ceqssVWMYKmWQ=="],

    "@aws-sdk/nested-clients": ["@aws-sdk/nested-clients@3.997.40", "", { "dependencies": { "@aws-sdk/core": "^3.977.5", "@aws-sdk/signature-v4-multi-region": "^3.996.43", "@aws-sdk/types": "^3.974.2", "@smithy/core": "^3.31.1", "@smithy/fetch-http-handler": "^5.6.13", "@smithy/node-http-handler": "^4.9.13", "@smithy/types": "^4.16.1", "tslib": "^2.6.2" } }, "sha512-hEdHT0PBR4fkGxWhwKG5EtEYKnAM7HKkp0vD10ufk4YcXejH4r4q6G/XhPzjUc6Yxo5kBS2vHg7llj4ViR9VTQ=="],

    "@aws-sdk/signature-v4-multi-region": ["@aws-sdk/signature-v4-multi-region@3.996.43", "", { "dependencies": { "@aws-sdk/types": "^3.974.2", "@smithy/signature-v4": "^5.6.12", "@smithy/types": "^4.16.1", "tslib": "^2.6.2" } }, "sha512-lKekx8bLBXSv4O+cslk9Zfnw2XKSkWBs3uWL5QGhH2ZAQfNS7FE0vcSSN2vD/AhxX54ZTywWxR4STThoeOXlBA=="],

    "@aws-sdk/token-providers": ["@aws-sdk/token-providers@3.1102.0", "", { "dependencies": { "@aws-sdk/core": "^3.977.5", "@aws-sdk/nested-clients": "^3.997.40", "@aws-sdk/types": "^3.974.2", "@smithy/core": "^3.31.1", "@smithy/types": "^4.16.1", "tslib": "^2.6.2" } }, "sha512-Ua700vVvM1q105yABSUQWkCK6FeTrNfU6ORGetJe5BzkZWY7QhkF7SVTOlmDGWRDNd6jbyY0Dv5e+E4bMBEmLg=="],

    "@aws-sdk/types": ["@aws-sdk/types@3.974.2", "", { "dependencies": { "@smithy/types": "^4.16.1", "tslib": "^2.6.2" } }, "sha512-3W6IUtSxFbH6X7Wb7DzGCV5QiFQsd0g8bOfntpmDxQlzBoKWUMBu/JPQR0DwkE+Hpnxd6db1tXbOwdeHddG6cA=="],

    "@aws-sdk/xml-builder": ["@aws-sdk/xml-builder@3.972.37", "", { "dependencies": { "@smithy/types": "^4.16.1", "tslib": "^2.6.2" } }, "sha512-zKq4HQum8JwDyEuyfuI4bbiAcU0KxP6qy+9PR/IsR92IyE/DaBAikzAS50tjxip4bqIIANpCcG+Yyj6CVhXupg=="],

    "@aws/lambda-invoke-store": ["@aws/lambda-invoke-store@0.3.0", "", {}, "sha512-sl4Bm6yiMNYrZKkqqDFWN0UfnWhlS8ivKxrYl+6t0gCLrqr8y3B2IqZZbFRkfaVVp7C/baApyh71P+LeE1A2sQ=="],

    "@babel/runtime": ["@babel/runtime@7.29.7", "", {}, "sha512-Nq8OhGWiZIZGV6hLHoyAKLLcJihP/xFeBMGJoUrxTX2psI8dCifzLhZISFb+VWS3wFMRDmCGw5R+dOySCqPLhw=="],

    "@biomejs/biome": ["@biomejs/biome@2.5.6", "", { "optionalDependencies": { "@biomejs/cli-darwin-arm64": "2.5.6", "@biomejs/cli-darwin-x64": "2.5.6", "@biomejs/cli-linux-arm64": "2.5.6", "@biomejs/cli-linux-arm64-musl": "2.5.6", "@biomejs/cli-linux-x64": "2.5.6", "@biomejs/cli-linux-x64-musl": "2.5.6", "@biomejs/cli-win32-arm64": "2.5.6", "@biomejs/cli-win32-x64": "2.5.6" }, "bin": { "biome": "bin/biome" } }, "sha512-lxVNjv7UF6KfhMJfL9gaUHbWdJdHbsAj6OSmwSYNdhRuG67NxNQ4Xdvh3TUxsSK9sBzJBQhEJj3AopmmNJ5pSA=="],

    "@biomejs/cli-darwin-arm64": ["@biomejs/cli-darwin-arm64@2.5.6", "", { "os": "darwin", "cpu": "arm64" }, "sha512-zMOLZP4oMrjh6m1zcSj1ud2awUPgTuMVbmQhYYWL7J8HwCnbHHBvTm7VBTRuY7epT5bez76IpKYQ11ZAqHFlnw=="],

    "@biomejs/cli-darwin-x64": ["@biomejs/cli-darwin-x64@2.5.6", "", { "os": "darwin", "cpu": "x64" }, "sha512-JAC1VqzvO7Th5ZplU0G2uGfkZbxEe9uDDektPAhF0JLusoz1w+T4okp2bkykI0bbaO2vslKiRfj4gU43JaGreA=="],

    "@biomejs/cli-linux-arm64": ["@biomejs/cli-linux-arm64@2.5.6", "", { "os": "linux", "cpu": "arm64" }, "sha512-6XsYwCFkp5sMxl85ffhgeGpGgs6A7dRYFnkceZ7WVxvycuTnGdD5xa534Z3xfrBQ0JCMK/mujT6ZNPJoghedwg=="],

    "@biomejs/cli-linux-arm64-musl": ["@biomejs/cli-linux-arm64-musl@2.5.6", "", { "os": "linux", "cpu": "arm64" }, "sha512-eUa3jeeYvfMt19LBeh6E5PUZpxnTC4JqNWo+EDjTtQjAr2xLGnWaxACtVU1DQqmHYbvThlJzLX+ZsYgrqh2qVw=="],

    "@biomejs/cli-linux-x64": ["@biomejs/cli-linux-x64@2.5.6", "", { "os": "linux", "cpu": "x64" }, "sha512-Pop9VXCFUhFTMfFefZ39S+u2rOPyNp5iHlxbZRwXGACHLy2r0jjiRgJHmaEKJzL3SyxlVeGShXhvvElvWowonA=="],

    "@biomejs/cli-linux-x64-musl": ["@biomejs/cli-linux-x64-musl@2.5.6", "", { "os": "linux", "cpu": "x64" }, "sha512-2Vp13QdKysH3HIWLaYLhUUwbK+jbZonJD1K+Lr0d0RO4wH7mkYd43vJixEDm8cUWrowoRz4UUHF1nm9Ae7ym8A=="],

    "@biomejs/cli-win32-arm64": ["@biomejs/cli-win32-arm64@2.5.6", "", { "os": "win32", "cpu": "arm64" }, "sha512-tDGshcm6BdkZOCGnTDX0Y8/U4IfBSlnUU7T56nNDuPEfed+aHg+u8G36NB43fJVl0Os6+QURXIE1yuD7AaEofA=="],

    "@biomejs/cli-win32-x64": ["@biomejs/cli-win32-x64@2.5.6", "", { "os": "win32", "cpu": "x64" }, "sha512-WN05KwXnTO/2J45RQPvzZMXf7tZUIofHoR35xIPfCo7pQ2RFidxI8sfb5mGsaTxdMmEOzHzOPRCdA5/fCpc7xQ=="],

    "@bomb.sh/args": ["@bomb.sh/args@0.3.1", "", {}, "sha512-CwxKrfgcorUPP6KfYD59aRdBYWBTsfsxT+GmoLVnKo5Tmyoqbpo0UNcjngRMyU+6tiPbd18RuIYxhgAn44wU/Q=="],

    "@changesets/apply-release-plan": ["@changesets/apply-release-plan@7.1.1", "", { "dependencies": { "@changesets/config": "^3.1.4", "@changesets/get-version-range-type": "^0.4.0", "@changesets/git": "^3.0.4", "@changesets/should-skip-package": "^0.1.2", "@changesets/types": "^6.1.0", "@manypkg/get-packages": "^1.1.3", "detect-indent": "^6.0.0", "fs-extra": "^7.0.1", "lodash.startcase": "^4.4.0", "outdent": "^0.5.0", "prettier": "^2.7.1", "resolve-from": "^5.0.0", "semver": "^7.5.3" } }, "sha512-9qPCm/rLx/xoOFXIHGB229+4GOL76S4MC+7tyOuTsR6+1jYlfFDQORdvwR5hDA6y4FL2BPt3qpbcQIS+dW85LA=="],

    "@changesets/assemble-release-plan": ["@changesets/assemble-release-plan@6.0.10", "", { "dependencies": { "@changesets/errors": "^0.2.0", "@changesets/get-dependents-graph": "^2.1.4", "@changesets/should-skip-package": "^0.1.2", "@changesets/types": "^6.1.0", "@manypkg/get-packages": "^1.1.3", "semver": "^7.5.3" } }, "sha512-rSDcqdJ9KbVyjpBIuCidhvZNIiVt1XaIYp73ycVQRIA5n/j6wQaEk0ChRLMUQ1vkxZe51PTQ9OIhbg6HQMW45A=="],

    "@changesets/changelog-git": ["@changesets/changelog-git@0.2.1", "", { "dependencies": { "@changesets/types": "^6.1.0" } }, "sha512-x/xEleCFLH28c3bQeQIyeZf8lFXyDFVn1SgcBiR2Tw/r4IAWlk1fzxCEZ6NxQAjF2Nwtczoen3OA2qR+UawQ8Q=="],

    "@changesets/cli": ["@changesets/cli@2.31.1", "", { "dependencies": { "@changesets/apply-release-plan": "^7.1.1", "@changesets/assemble-release-plan": "^6.0.10", "@changesets/changelog-git": "^0.2.1", "@changesets/config": "^3.1.4", "@changesets/errors": "^0.2.0", "@changesets/get-dependents-graph": "^2.1.4", "@changesets/get-release-plan": "^4.0.16", "@changesets/git": "^3.0.4", "@changesets/logger": "^0.1.1", "@changesets/pre": "^2.0.2", "@changesets/read": "^0.6.7", "@changesets/should-skip-package": "^0.1.2", "@changesets/types": "^6.1.0", "@changesets/write": "^0.4.0", "@inquirer/external-editor": "^1.0.2", "@manypkg/get-packages": "^1.1.3", "ansi-colors": "^4.1.3", "enquirer": "^2.4.1", "fs-extra": "^7.0.1", "mri": "^1.2.0", "package-manager-detector": "^0.2.0", "picocolors": "^1.1.0", "resolve-from": "^5.0.0", "semver": "^7.5.3", "spawndamnit": "^3.0.1", "term-size": "^2.1.0" }, "bin": { "changeset": "bin.js" } }, "sha512-uO05WTcRBwuVOJVSW8Cmpqw6q0WDL53ajGCMyszutvOe5toOnunbpM4jZzf+qxBOz7i0AzopZ8diBuewjmF40w=="],

    "@changesets/config": ["@changesets/config@3.1.4", "", { "dependencies": { "@changesets/errors": "^0.2.0", "@changesets/get-dependents-graph": "^2.1.4", "@changesets/logger": "^0.1.1", "@changesets/should-skip-package": "^0.1.2", "@changesets/types": "^6.1.0", "@manypkg/get-packages": "^1.1.3", "fs-extra": "^7.0.1", "micromatch": "^4.0.8" } }, "sha512-pf0bvD/v6WI2cRlZ6hzpjtZdSlXDXMAJ+Iz7xfFzV4ZxJ8OGGAON+1qYc99ZPrijnt4xp3VGG7eNvAOGS24V1Q=="],

    "@changesets/errors": ["@changesets/errors@0.2.0", "", { "dependencies": { "extendable-error": "^0.1.5" } }, "sha512-6BLOQUscTpZeGljvyQXlWOItQyU71kCdGz7Pi8H8zdw6BI0g3m43iL4xKUVPWtG+qrrL9DTjpdn8eYuCQSRpow=="],

    "@changesets/get-dependents-graph": ["@changesets/get-dependents-graph@2.1.4", "", { "dependencies": { "@changesets/types": "^6.1.0", "@manypkg/get-packages": "^1.1.3", "picocolors": "^1.1.0", "semver": "^7.5.3" } }, "sha512-ZsS00x6WvmHq3sQv8oCMwL0f/z3wbXCVuSVTJwCnnmbC/iBdNJGFx1EcbMG4PC6sXRyH69liM4A2WKXzn/kRPg=="],

    "@changesets/get-release-plan": ["@changesets/get-release-plan@4.0.16", "", { "dependencies": { "@changesets/assemble-release-plan": "^6.0.10", "@changesets/config": "^3.1.4", "@changesets/pre": "^2.0.2", "@changesets/read": "^0.6.7", "@changesets/types": "^6.1.0", "@manypkg/get-packages": "^1.1.3" } }, "sha512-2K5Om6CrMPm45rtvckfzWo7e9jOVCKLCnXia5eUPaURH7/LWzri7pK1TycdzAuAtehLkW7VPbWLCSExTHmiI6g=="],

    "@changesets/get-version-range-type": ["@changesets/get-version-range-type@0.4.0", "", {}, "sha512-hwawtob9DryoGTpixy1D3ZXbGgJu1Rhr+ySH2PvTLHvkZuQ7sRT4oQwMh0hbqZH1weAooedEjRsbrWcGLCeyVQ=="],

    "@changesets/git": ["@changesets/git@3.0.4", "", { "dependencies": { "@changesets/errors": "^0.2.0", "@manypkg/get-packages": "^1.1.3", "is-subdir": "^1.1.1", "micromatch": "^4.0.8", "spawndamnit": "^3.0.1" } }, "sha512-BXANzRFkX+XcC1q/d27NKvlJ1yf7PSAgi8JG6dt8EfbHFHi4neau7mufcSca5zRhwOL8j9s6EqsxmT+s+/E6Sw=="],

    "@changesets/logger": ["@changesets/logger@0.1.1", "", { "dependencies": { "picocolors": "^1.1.0" } }, "sha512-OQtR36ZlnuTxKqoW4Sv6x5YIhOmClRd5pWsjZsddYxpWs517R0HkyiefQPIytCVh4ZcC5x9XaG8KTdd5iRQUfg=="],

    "@changesets/parse": ["@changesets/parse@0.4.3", "", { "dependencies": { "@changesets/types": "^6.1.0", "js-yaml": "^4.1.1" } }, "sha512-ZDmNc53+dXdWEv7fqIUSgRQOLYoUom5Z40gmLgmATmYR9NbL6FJJHwakcCpzaeCy+1D0m0n7mT4jj2B/MQPl7A=="],

    "@changesets/pre": ["@changesets/pre@2.0.2", "", { "dependencies": { "@changesets/errors": "^0.2.0", "@changesets/types": "^6.1.0", "@manypkg/get-packages": "^1.1.3", "fs-extra": "^7.0.1" } }, "sha512-HaL/gEyFVvkf9KFg6484wR9s0qjAXlZ8qWPDkTyKF6+zqjBe/I2mygg3MbpZ++hdi0ToqNUF8cjj7fBy0dg8Ug=="],

    "@changesets/read": ["@changesets/read@0.6.7", "", { "dependencies": { "@changesets/git": "^3.0.4", "@changesets/logger": "^0.1.1", "@changesets/parse": "^0.4.3", "@changesets/types": "^6.1.0", "fs-extra": "^7.0.1", "p-filter": "^2.1.0", "picocolors": "^1.1.0" } }, "sha512-D1G4AUYGrBEk8vj8MGwf75k9GpN6XL3wg8i42P2jZZwFLXnlr2Pn7r9yuQNbaMCarP7ZQWNJbV6XLeysAIMhTA=="],

    "@changesets/should-skip-package": ["@changesets/should-skip-package@0.1.2", "", { "dependencies": { "@changesets/types": "^6.1.0", "@manypkg/get-packages": "^1.1.3" } }, "sha512-qAK/WrqWLNCP22UDdBTMPH5f41elVDlsNyat180A33dWxuUDyNpg6fPi/FyTZwRriVjg0L8gnjJn2F9XAoF0qw=="],

    "@changesets/types": ["@changesets/types@6.1.0", "", {}, "sha512-rKQcJ+o1nKNgeoYRHKOS07tAMNd3YSN0uHaJOZYjBAgxfV7TUE7JE+z4BzZdQwb5hKaYbayKN5KrYV7ODb2rAA=="],

    "@changesets/write": ["@changesets/write@0.4.0", "", { "dependencies": { "@changesets/types": "^6.1.0", "fs-extra": "^7.0.1", "human-id": "^4.1.1", "prettier": "^2.7.1" } }, "sha512-CdTLvIOPiCNuH71pyDu3rA+Q0n65cmAbXnwWH84rKGiFumFzkmHNT8KHTMEchcxN+Kl8I54xGUhJ7l3E7X396Q=="],

    "@clack/core": ["@clack/core@1.4.3", "", { "dependencies": { "fast-wrap-ansi": "^0.2.0", "sisteransi": "^1.0.5" } }, "sha512-/kr3UWNtdJfxZtPgDqUOmG2pvwlmcLGheex5yiZKdwbzZJxhV+HMNR9QNmyY5cGwTNV6LrR7Jtp+KjhUAP1qBQ=="],

    "@clack/prompts": ["@clack/prompts@1.7.0", "", { "dependencies": { "@clack/core": "1.4.3", "fast-string-width": "^3.0.2", "fast-wrap-ansi": "^0.2.0", "sisteransi": "^1.0.5" } }, "sha512-y7/yvZ2TPAnR9+jnc00klvNNLkJiXFFrQA/hlLCcxA9a2A4zQIOimyFQ9XfwYKiGD1fb5GY8vbKIIgO8d5Tb2A=="],

    "@commitlint/config-conventional": ["@commitlint/config-conventional@21.2.0", "", { "dependencies": { "@commitlint/types": "^21.2.0", "conventional-changelog-conventionalcommits": "^10.0.0" } }, "sha512-Qf8WRDVcyVd14if6VTWenebxFbKnVnbzPUJjlzjkyJGeHK2xCGd63Dr1XZzj0plXKQb9P0BfOxoc1HVeCo2BWQ=="],

    "@commitlint/types": ["@commitlint/types@21.2.0", "", { "dependencies": { "conventional-commits-parser": "^7.0.0", "picocolors": "^1.1.1" } }, "sha512-7zVFCDB2reMvJH5dmbKnOQPjZEvjdJTH8jc0U/PIPU1r3/+vf5pD1HlfitV2MWsWXrvu7u39iY1lyLUPOaN0Gw=="],

    "@conventional-changelog/template": ["@conventional-changelog/template@1.2.1", "", {}, "sha512-TzlTVpKPjaqW6qOYjQcYUDuGsLCNsvFHVBXkYGTAnf5V37jCWrE5haKNXzz0WZUtVHjrpV76L1buANjwXMfT8w=="],

    "@duckdb/node-api": ["@duckdb/node-api@1.5.4-r.1", "", { "dependencies": { "@duckdb/node-bindings": "1.5.4-r.1" } }, "sha512-3PYk/4//svuYmb9RYVM71cCoNa6ngoYWwrMhJaqbm010txzIMWbJCbxrFeqDl+krdIug+Hc/MNCeS0gHsTXSIw=="],

    "@duckdb/node-bindings": ["@duckdb/node-bindings@1.5.4-r.1", "", { "dependencies": { "detect-libc": "^2.1.2" }, "optionalDependencies": { "@duckdb/node-bindings-darwin-arm64": "1.5.4-r.1", "@duckdb/node-bindings-darwin-x64": "1.5.4-r.1", "@duckdb/node-bindings-linux-arm64": "1.5.4-r.1", "@duckdb/node-bindings-linux-arm64-musl": "1.5.4-r.1", "@duckdb/node-bindings-linux-x64": "1.5.4-r.1", "@duckdb/node-bindings-linux-x64-musl": "1.5.4-r.1", "@duckdb/node-bindings-win32-arm64": "1.5.4-r.1", "@duckdb/node-bindings-win32-x64": "1.5.4-r.1" } }, "sha512-v834OZZKQ59yAvh8GOEmM+R1foPNgdMGL0VTBgHywgblgQNyq11HvWgT4QGJIUFfo/cQ9WFyf1MFhK0+hV1aiA=="],

    "@duckdb/node-bindings-darwin-arm64": ["@duckdb/node-bindings-darwin-arm64@1.5.4-r.1", "", { "os": "darwin", "cpu": "arm64" }, "sha512-fl8EC5xdmI7VAI7bX4W6D7lOGNtxyLvSxGjOY8Ov7viVEKwIcBXXKlMPgh3sw+PiVlwZhKlknuCI8BL5xXpSDg=="],

    "@duckdb/node-bindings-darwin-x64": ["@duckdb/node-bindings-darwin-x64@1.5.4-r.1", "", { "os": "darwin", "cpu": "x64" }, "sha512-E8bECZ6abJqunPqVR1NA0Zho7qxanfDWWFuJrKMsU1NCUqyGLyhXqZwsRHAx7J6jrM+lhQ7wOZj1x/N4OVml3A=="],

    "@duckdb/node-bindings-linux-arm64": ["@duckdb/node-bindings-linux-arm64@1.5.4-r.1", "", { "os": "linux", "cpu": "arm64" }, "sha512-4EsB+cgRqOE++mdPQ2ZoGJCg4ylmuqdbLDtmo3L19B+C5OzGmrhxlKD4o75eGEtfO52M+w+TdL0qhy0H5XvaKQ=="],

    "@duckdb/node-bindings-linux-arm64-musl": ["@duckdb/node-bindings-linux-arm64-musl@1.5.4-r.1", "", { "os": "linux", "cpu": "arm64" }, "sha512-96Pyk5Syy18S5DSN0CKkOQ7/CsyVGRML8ewox1qpFDjYvPH1VsULlQoIRwbpw7mkFEy17wuWmbwzb7oKu/nGMw=="],

    "@duckdb/node-bindings-linux-x64": ["@duckdb/node-bindings-linux-x64@1.5.4-r.1", "", { "os": "linux", "cpu": "x64" }, "sha512-IldapRydno5kf4VkPCe8yK+j4pCg+j6Qs46UmLnKex/mtIdJa7ifhMYRkvdc5KIAFEC0eEL5c830QeuwcUROyg=="],

    "@duckdb/node-bindings-linux-x64-musl": ["@duckdb/node-bindings-linux-x64-musl@1.5.4-r.1", "", { "os": "linux", "cpu": "x64" }, "sha512-tWgnttlKfWTktyv+m9YbxaedKBon5wmUoJ9DaIbE3D98KhhUaqmJhnjzso9O8hp6WUeRmwXR//hpT/X6Ft9nYA=="],

    "@duckdb/node-bindings-win32-arm64": ["@duckdb/node-bindings-win32-arm64@1.5.4-r.1", "", { "os": "win32", "cpu": "arm64" }, "sha512-77apmuNo51bPZzv8xjdeCp+hlU6JLwMPtS1CMViy83ONTsah+CGnpBx1lCnEqPL5Va0meufZyjSdZCVCijLdDA=="],

    "@duckdb/node-bindings-win32-x64": ["@duckdb/node-bindings-win32-x64@1.5.4-r.1", "", { "os": "win32", "cpu": "x64" }, "sha512-Wme7dScBGqjn2PUJ+RLFiFAblW1qQRBraX7SJc4uKtftZiUJJWZapEUh+doGfb68Qxvw8JhlMBSdaUsSUDJYsw=="],

    "@inquirer/external-editor": ["@inquirer/external-editor@1.0.3", "", { "dependencies": { "chardet": "^2.1.1", "iconv-lite": "^0.7.0" }, "peerDependencies": { "@types/node": ">=18" }, "optionalPeers": ["@types/node"] }, "sha512-RWbSrDiYmO4LbejWY7ttpxczuwQyZLBUyygsA9Nsv95hpzUWwnNTVQmAq3xuh7vNwCp07UTmE5i11XAEExx4RA=="],

    "@manypkg/find-root": ["@manypkg/find-root@1.1.0", "", { "dependencies": { "@babel/runtime": "^7.5.5", "@types/node": "^12.7.1", "find-up": "^4.1.0", "fs-extra": "^8.1.0" } }, "sha512-mki5uBvhHzO8kYYix/WRy2WX8S3B5wdVSc9D6KcU5lQNglP2yt58/VfLuAK49glRXChosY8ap2oJ1qgma3GUVA=="],

    "@manypkg/get-packages": ["@manypkg/get-packages@1.1.3", "", { "dependencies": { "@babel/runtime": "^7.5.5", "@changesets/types": "^4.0.1", "@manypkg/find-root": "^1.1.0", "fs-extra": "^8.1.0", "globby": "^11.0.0", "read-yaml-file": "^1.1.0" } }, "sha512-fo+QhuU3qE/2TQMQmbVMqaQ6EWbMhi4ABWP+O4AM1NqPBuy0OrApV5LO6BrrgnhtAHS2NH6RrVk9OL181tTi8A=="],

    "@nodelib/fs.scandir": ["@nodelib/fs.scandir@2.1.5", "", { "dependencies": { "@nodelib/fs.stat": "2.0.5", "run-parallel": "^1.1.9" } }, "sha512-vq24Bq3ym5HEQm2NKCr3yXDwjc7vTsEThRDnkp2DK9p1uqLR+DHurm/NOTo0KG7HYHU7eppKZj3MyqYuMBf62g=="],

    "@nodelib/fs.stat": ["@nodelib/fs.stat@2.0.5", "", {}, "sha512-RkhPPp2zrqDAQA/2jNhnztcPAlv64XdhIp7a7454A5ovI7Bukxgt7MX7udwAu3zg1DcpPU0rz3VV1SeaqvY4+A=="],

    "@nodelib/fs.walk": ["@nodelib/fs.walk@1.2.8", "", { "dependencies": { "@nodelib/fs.scandir": "2.1.5", "fastq": "^1.6.0" } }, "sha512-oGB+UxlgWcgQkgwo8GcEGwemoTFt3FIO9ababBmaGwXIoBKZ+GTy0pP185beGg7Llih/NSHSV2XAs1lnznocSg=="],

    "@simple-libs/stream-utils": ["@simple-libs/stream-utils@2.0.0", "", {}, "sha512-fCTuZK4QBa+39Oz9l4OGfJfz+GpwCp3AqO7Zch3to99xHPgstVsRFpeQ8LNd2o1Gv8raL2mCFwiaHh7bFSp5DQ=="],

    "@smithy/core": ["@smithy/core@3.31.1", "", { "dependencies": { "@smithy/types": "^4.16.1", "tslib": "^2.6.2" } }, "sha512-CyogUINxvi7C7LDsh8Syo6hVJOT9ckz4rG8dRZfTJ8r91HkMY59PnNooaj7WcHyxEkxPfBAmbgztZU+xTo76lg=="],

    "@smithy/credential-provider-imds": ["@smithy/credential-provider-imds@4.4.16", "", { "dependencies": { "@smithy/core": "^3.31.1", "@smithy/types": "^4.16.1", "tslib": "^2.6.2" } }, "sha512-QfuLWAkLzptffFW980AFeHZFdqds2B64rpEd3uJ6lgs3xVn9QegGMUgUcj+4d7dRrAsya3r58ZKpku97WcFb4w=="],

    "@smithy/fetch-http-handler": ["@smithy/fetch-http-handler@5.6.13", "", { "dependencies": { "@smithy/core": "^3.31.1", "@smithy/types": "^4.16.1", "tslib": "^2.6.2" } }, "sha512-4fW86pEUOMbrD5nkbyl/tTvPHHWJFbuB2odl6ps9lWfHoXf9HWh3Q/Smh59qH1g7+c/BSZghX6bbUk4gsiMs8A=="],

    "@smithy/node-http-handler": ["@smithy/node-http-handler@4.9.13", "", { "dependencies": { "@smithy/core": "^3.31.1", "@smithy/types": "^4.16.1", "tslib": "^2.6.2" } }, "sha512-Nmd/Nl35zfYrd+a6OO2cDJb3GPh9bgTjIUhcM+JFfjpp8/osCgboDV5nCT1I01Pv6R13eSKDKLSoVa5ZB6Zsfw=="],

    "@smithy/signature-v4": ["@smithy/signature-v4@5.6.12", "", { "dependencies": { "@smithy/core": "^3.31.1", "@smithy/types": "^4.16.1", "tslib": "^2.6.2" } }, "sha512-I6KLtq3H0qqSuV9vLglfi8puHqzygzWHOnI4z/Rdoo+q50vvo18vBRdPAvvEtcaKROz7Zn6qnPa14kRfPH6PcQ=="],

    "@smithy/types": ["@smithy/types@4.16.1", "", { "dependencies": { "tslib": "^2.6.2" } }, "sha512-0JFs3V2y2M9tKW5na/qxe69Zv+uxLMO7QBbhxF/FHu/Gp2NFZAAL9tWl9PU02xxo07pb3G9FTyjNc6D5uZrJIg=="],

    "@types/node": ["@types/node@25.9.5", "", { "dependencies": { "undici-types": ">=7.24.0 <7.24.7" } }, "sha512-OScDchr2fwuUmWdf4kZ9h7PcJiYDVInhJizG/biAq3cAvqwYktuy/TYGGdZNMtNTFUP7rnb0NU4TUdm82kt4Rg=="],

    "ansi-colors": ["ansi-colors@4.1.3", "", {}, "sha512-/6w/C21Pm1A7aZitlI5Ni/2J6FFQN8i1Cvz3kHABAAbw93v/NlvKdVOqz7CCWz/3iv/JplRSEEZ83XION15ovw=="],

    "ansi-regex": ["ansi-regex@6.2.2", "", {}, "sha512-Bq3SmSpyFHaWjPk8If9yc6svM8c56dB5BAtW4Qbw5jHTwwXXcTLoRMkpDJp6VL0XzlWaCHTXrkFURMYmD0sLqg=="],

    "argparse": ["argparse@2.0.1", "", {}, "sha512-8+9WqebbFzpX9OR+Wa6O29asIogeRMzcGtAINdpMHHyAg10f05aSFVBbcEqGf/PXw1EjAZ+q2/bEBg3DvurK3Q=="],

    "argue-cli": ["argue-cli@3.1.0", "", {}, "sha512-DhBpBfXL4SS2uC0N922MMajKR3CdrTG0u2or1PNYgXMsrSzViJrbtvT0nCLlLGUI0plam/ZZCs7aAauHtW9thw=="],

    "array-union": ["array-union@2.1.0", "", {}, "sha512-HGyxoOTYUyCM6stUe6EJgnd4EoewAI7zMdfqO+kGjnlZmBDz/cR5pf8r/cR4Wq60sL/p0IkcjUEEPwS3GFrIyw=="],

    "better-path-resolve": ["better-path-resolve@1.0.0", "", { "dependencies": { "is-windows": "^1.0.0" } }, "sha512-pbnl5XzGBdrFU/wT4jqmJVPn2B6UHPBOhzMQkY/SPUPB6QtUXtmBHBIwCbXJol93mOpGMnQyP/+BB19q04xj7g=="],

    "boolbase": ["boolbase@1.0.0", "", {}, "sha512-JZOSA7Mo9sNGB8+UjSgzdLtokWAky1zbztM3WRLCbZ70/3cTANmQmOdR7y2g+J0e2WXywy1yS468tY+IruqEww=="],

    "bowser": ["bowser@2.12.1", "", {}, "sha512-z4rE2Gxh7tvshQ4hluIT7XcFrgLIQaw9X3A+kTTRdovCz5PMukm/0QC/BKSYPj3omF5Qfypn9O/c5kgpmvYUCw=="],

    "braces": ["braces@3.0.3", "", { "dependencies": { "fill-range": "^7.1.1" } }, "sha512-yQbXgO/OSZVD2IsiLlro+7Hf6Q18EJrKSEsdoMzKePKXct3gvD8oLcOQdIzGupr5Fj+EDe8gO/lxc1BzfMpxvA=="],

    "chardet": ["chardet@2.1.1", "", {}, "sha512-PsezH1rqdV9VvyNhxxOW32/d75r01NY7TQCmOqomRo15ZSOKbpTFVsfjghxo6JloQUCGnH4k1LGu0R4yCLlWQQ=="],

    "cheerio": ["cheerio@1.2.0", "", { "dependencies": { "cheerio-select": "^2.1.0", "dom-serializer": "^2.0.0", "domhandler": "^5.0.3", "domutils": "^3.2.2", "encoding-sniffer": "^0.2.1", "htmlparser2": "^10.1.0", "parse5": "^7.3.0", "parse5-htmlparser2-tree-adapter": "^7.1.0", "parse5-parser-stream": "^7.1.2", "undici": "^7.19.0", "whatwg-mimetype": "^4.0.0" } }, "sha512-WDrybc/gKFpTYQutKIK6UvfcuxijIZfMfXaYm8NMsPQxSYvf+13fXUJ4rztGGbJcBQ/GF55gvrZ0Bc0bj/mqvg=="],

    "cheerio-select": ["cheerio-select@2.1.0", "", { "dependencies": { "boolbase": "^1.0.0", "css-select": "^5.1.0", "css-what": "^6.1.0", "domelementtype": "^2.3.0", "domhandler": "^5.0.3", "domutils": "^3.0.1" } }, "sha512-9v9kG0LvzrlcungtnJtpGNxY+fzECQKhK4EGJX2vByejiMX84MFNQw4UxPJl3bFbTMw+Dfs37XaIkCwTZfLh4g=="],

    "conventional-changelog-conventionalcommits": ["conventional-changelog-conventionalcommits@10.2.1", "", { "dependencies": { "@conventional-changelog/template": "^1.2.1" } }, "sha512-n4Kr1HFMTf3iMbES0TMxKIcYtUUv4rKqyQQp2JwfOEfFCOfGT3Tq4mCyJ8S9/YPyWhydjfKrrvnyl+gCjA+mJQ=="],

    "conventional-commits-parser": ["conventional-commits-parser@7.1.1", "", { "dependencies": { "@simple-libs/stream-utils": "^2.0.0", "argue-cli": "^3.1.0" }, "bin": { "conventional-commits-parser": "./dist/cli/index.js" } }, "sha512-B0f42jI++V5Vb7qK+DDw68r0dNxz5hk+RdKUkx2NOi39emc9hsHa3u2M3doF7QQhRFzCrAj7uM90teG+RBTaYQ=="],

    "cross-spawn": ["cross-spawn@7.0.6", "", { "dependencies": { "path-key": "^3.1.0", "shebang-command": "^2.0.0", "which": "^2.0.1" } }, "sha512-uV2QOWP2nWzsy2aMp8aRibhi9dlzF5Hgh5SHaB9OiTGEyDTiJJyx0uy51QXdyWbtAHNua4XJzUKca3OzKUd3vA=="],

    "css-select": ["css-select@5.2.2", "", { "dependencies": { "boolbase": "^1.0.0", "css-what": "^6.1.0", "domhandler": "^5.0.2", "domutils": "^3.0.1", "nth-check": "^2.0.1" } }, "sha512-TizTzUddG/xYLA3NXodFM0fSbNizXjOKhqiQQwvhlspadZokn1KDy0NZFS0wuEubIYAV5/c1/lAr0TaaFXEXzw=="],

    "css-what": ["css-what@6.2.2", "", {}, "sha512-u/O3vwbptzhMs3L1fQE82ZSLHQQfto5gyZzwteVIEyeaY5Fc7R4dapF/BvRoSYFeqfBk4m0V1Vafq5Pjv25wvA=="],

    "data-uri-to-buffer": ["data-uri-to-buffer@4.0.1", "", {}, "sha512-0R9ikRb668HB7QDxT1vkpuUBtqc53YyAwMwGeUFKRojY/NWKvdZ+9UYtRfGmhqNbRkTSVpMbmyhXipFFv2cb/A=="],

    "detect-indent": ["detect-indent@6.1.0", "", {}, "sha512-reYkTUJAZb9gUuZ2RvVCNhVHdg62RHnJ7WJl8ftMi4diZ6NWlciOzQN88pUhSELEwflJht4oQDv0F0BMlwaYtA=="],

    "detect-libc": ["detect-libc@2.1.2", "", {}, "sha512-Btj2BOOO83o3WyH59e8MgXsxEQVcarkUOpEYrubB0urwnN10yQ364rsiByU11nZlqWYZm05i/of7io4mzihBtQ=="],

    "dir-glob": ["dir-glob@3.0.1", "", { "dependencies": { "path-type": "^4.0.0" } }, "sha512-WkrWp9GR4KXfKGYzOLmTuGVi1UWFfws377n9cc55/tb6DuqyF6pcQ5AbiHEshaDpY9v6oaSr2XCDidGmMwdzIA=="],

    "dom-serializer": ["dom-serializer@2.0.0", "", { "dependencies": { "domelementtype": "^2.3.0", "domhandler": "^5.0.2", "entities": "^4.2.0" } }, "sha512-wIkAryiqt/nV5EQKqQpo3SToSOV9J0DnbJqwK7Wv/Trc92zIAYZ4FlMu+JPFW1DfGFt81ZTCGgDEabffXeLyJg=="],

    "domelementtype": ["domelementtype@2.3.0", "", {}, "sha512-OLETBj6w0OsagBwdXnPdN0cnMfF9opN69co+7ZrbfPGrdpPVNBUj02spi6B1N7wChLQiPn4CSH/zJvXw56gmHw=="],

    "domhandler": ["domhandler@5.0.3", "", { "dependencies": { "domelementtype": "^2.3.0" } }, "sha512-cgwlv/1iFQiFnU96XXgROh8xTeetsnJiDsTc7TYCLFd9+/WNkIqPTxiM/8pSd8VIrhXGTf1Ny1q1hquVqDJB5w=="],

    "domutils": ["domutils@3.2.2", "", { "dependencies": { "dom-serializer": "^2.0.0", "domelementtype": "^2.3.0", "domhandler": "^5.0.3" } }, "sha512-6kZKyUajlDuqlHKVX1w7gyslj9MPIXzIFiz/rGu35uC1wMi+kMhQwGhl4lt9unC9Vb9INnY9Z3/ZA3+FhASLaw=="],

    "encoding-sniffer": ["encoding-sniffer@0.2.1", "", { "dependencies": { "iconv-lite": "^0.6.3", "whatwg-encoding": "^3.1.1" } }, "sha512-5gvq20T6vfpekVtqrYQsSCFZ1wEg5+wW0/QaZMWkFr6BqD3NfKs0rLCx4rrVlSWJeZb5NBJgVLswK/w2MWU+Gw=="],

    "enquirer": ["enquirer@2.4.1", "", { "dependencies": { "ansi-colors": "^4.1.1", "strip-ansi": "^6.0.1" } }, "sha512-rRqJg/6gd538VHvR3PSrdRBb/1Vy2YfzHqzvbhGIQpDRKIa4FgV/54b5Q1xYSxOOwKvjXweS26E0Q+nAMwp2pQ=="],

    "entities": ["entities@4.5.0", "", {}, "sha512-V0hjH4dGPh9Ao5p0MoRY6BVqtwCjhz6vI5LT8AJ55H+4g9/4vbHx1I54fS0XuclLhDHArPQCiMjDxjaL8fPxhw=="],

    "esprima": ["esprima@4.0.1", "", { "bin": { "esparse": "./bin/esparse.js", "esvalidate": "./bin/esvalidate.js" } }, "sha512-eGuFFw7Upda+g4p+QHvnW0RyTX/SVeJBDM/gCtMARO0cLuT2HcEKnTPvhjV6aGeqrCB/sbNop0Kszm0jsaWU4A=="],

    "extendable-error": ["extendable-error@0.1.7", "", {}, "sha512-UOiS2in6/Q0FK0R0q6UY9vYpQ21mr/Qn1KOnte7vsACuNJf514WvCCUHSRCPcgjPT2bAhNIJdlE6bVap1GKmeg=="],

    "fast-glob": ["fast-glob@3.3.3", "", { "dependencies": { "@nodelib/fs.stat": "^2.0.2", "@nodelib/fs.walk": "^1.2.3", "glob-parent": "^5.1.2", "merge2": "^1.3.0", "micromatch": "^4.0.8" } }, "sha512-7MptL8U0cqcFdzIzwOTHoilX9x5BrNqye7Z/LuC7kCMRio1EMSyqRK3BEAUD7sXRq4iT4AzTVuZdhgQ2TCvYLg=="],

    "fast-string-truncated-width": ["fast-string-truncated-width@3.0.3", "", {}, "sha512-0jjjIEL6+0jag3l2XWWizO64/aZVtpiGE3t0Zgqxv0DPuxiMjvB3M24fCyhZUO4KomJQPj3LTSUnDP3GpdwC0g=="],

    "fast-string-width": ["fast-string-width@3.0.2", "", { "dependencies": { "fast-string-truncated-width": "^3.0.2" } }, "sha512-gX8LrtNEI5hq8DVUfRQMbr5lpaS4nMIWV+7XEbXk2b8kiQIizgnlr12B4dA3ZEx3308ze0O4Q1R+cHts8kyUJg=="],

    "fast-wrap-ansi": ["fast-wrap-ansi@0.2.2", "", { "dependencies": { "fast-string-width": "^3.0.2" } }, "sha512-7F2Fl+TjRSenLqlU3UjSH0iyqopqoZIu7eZVpEirP2g1GtWa2G/ecEmBdgz31+Mxr+ELclgg6sokpSFIQiZ02Q=="],

    "fastq": ["fastq@1.20.1", "", { "dependencies": { "reusify": "^1.0.4" } }, "sha512-GGToxJ/w1x32s/D2EKND7kTil4n8OVk/9mycTc4VDza13lOvpUZTGX3mFSCtV9ksdGBVzvsyAVLM6mHFThxXxw=="],

    "fetch-blob": ["fetch-blob@3.2.0", "", { "dependencies": { "node-domexception": "^1.0.0", "web-streams-polyfill": "^3.0.3" } }, "sha512-7yAQpD2UMJzLi1Dqv7qFYnPbaPx7ZfFK6PiIxQ4PfkGPyNyl2Ugx+a/umUonmKqjhM4DnfbMvdX6otXq83soQQ=="],

    "fill-range": ["fill-range@7.1.1", "", { "dependencies": { "to-regex-range": "^5.0.1" } }, "sha512-YsGpe3WHLK8ZYi4tWDg2Jy3ebRz2rXowDxnld4bkQB00cc/1Zw9AWnC0i9ztDJitivtQvaI9KaLyKrc+hBW0yg=="],

    "find-up": ["find-up@4.1.0", "", { "dependencies": { "locate-path": "^5.0.0", "path-exists": "^4.0.0" } }, "sha512-PpOwAdQ/YlXQ2vj8a3h8IipDuYRi3wceVQQGYWxNINccq40Anw7BlsEXCMbt1Zt+OLA6Fq9suIpIWD0OsnISlw=="],

    "formdata-polyfill": ["formdata-polyfill@4.0.10", "", { "dependencies": { "fetch-blob": "^3.1.2" } }, "sha512-buewHzMvYL29jdeQTVILecSaZKnt/RJWjoZCF5OW60Z67/GmSLBkOFM7qh1PI3zFNtJbaZL5eQu1vLfazOwj4g=="],

    "fs-extra": ["fs-extra@7.0.1", "", { "dependencies": { "graceful-fs": "^4.1.2", "jsonfile": "^4.0.0", "universalify": "^0.1.0" } }, "sha512-YJDaCJZEnBmcbw13fvdAM9AwNOJwOzrE4pqMqBq5nFiEqXUqHwlK4B+3pUw6JNvfSPtX05xFHtYy/1ni01eGCw=="],

    "get-east-asian-width": ["get-east-asian-width@1.5.0", "", {}, "sha512-CQ+bEO+Tva/qlmw24dCejulK5pMzVnUOFOijVogd3KQs07HnRIgp8TGipvCCRT06xeYEbpbgwaCxglFyiuIcmA=="],

    "glob-parent": ["glob-parent@5.1.2", "", { "dependencies": { "is-glob": "^4.0.1" } }, "sha512-AOIgSQCepiJYwP3ARnGx+5VnTu2HBYdzbGP45eLw1vr3zB3vZLeyed1sC9hnbcOc9/SrMyM5RPQrkGz4aS9Zow=="],

    "globby": ["globby@11.1.0", "", { "dependencies": { "array-union": "^2.1.0", "dir-glob": "^3.0.1", "fast-glob": "^3.2.9", "ignore": "^5.2.0", "merge2": "^1.4.1", "slash": "^3.0.0" } }, "sha512-jhIXaOzy1sb8IyocaruWSn1TjmnBVs8Ayhcy83rmxNJ8q2uWKCAj3CnJY+KpGSXCueAPc0i05kVvVKtP1t9S3g=="],

    "graceful-fs": ["graceful-fs@4.2.11", "", {}, "sha512-RbJ5/jmFcNNCcDV5o9eTnBLJ/HszWV0P73bc+Ff4nS/rJj+YaS6IGyiOL0VoBYX+l1Wrl3k63h/KrH+nhJ0XvQ=="],

    "htmlparser2": ["htmlparser2@10.1.0", "", { "dependencies": { "domelementtype": "^2.3.0", "domhandler": "^5.0.3", "domutils": "^3.2.2", "entities": "^7.0.1" } }, "sha512-VTZkM9GWRAtEpveh7MSF6SjjrpNVNNVJfFup7xTY3UpFtm67foy9HDVXneLtFVt4pMz5kZtgNcvCniNFb1hlEQ=="],

    "human-id": ["human-id@4.2.0", "", { "bin": { "human-id": "dist/cli.js" } }, "sha512-K3GbkIWqyvvlpfhBPlbEvD97TtqBpAYA4kt+cn2lD2x2HuohzZCibcA2nOlnJT6exqvJLggoB5nv2dNf192nEA=="],

    "husky": ["husky@9.1.7", "", { "bin": { "husky": "bin.js" } }, "sha512-5gs5ytaNjBrh5Ow3zrvdUUY+0VxIuWVL4i9irt6friV+BqdCfmV11CQTWMiBYWHbXhco+J1kHfTOUkePhCDvMA=="],

    "iconv-lite": ["iconv-lite@0.7.2", "", { "dependencies": { "safer-buffer": ">= 2.1.2 < 3.0.0" } }, "sha512-im9DjEDQ55s9fL4EYzOAv0yMqmMBSZp6G0VvFyTMPKWxiSBHUj9NW/qqLmXUwXrrM7AvqSlTCfvqRb0cM8yYqw=="],

    "ignore": ["ignore@5.3.2", "", {}, "sha512-hsBTNUqQTDwkWtcdYI2i06Y/nUBEsNEDJKjWdigLvegy8kDuJAS8uRlpkkcQpyEXL0Z/pjDy5HBmMjRCJ2gq+g=="],

    "is-extglob": ["is-extglob@2.1.1", "", {}, "sha512-SbKbANkN603Vi4jEZv49LeVJMn4yGwsbzZworEoyEiutsN3nJYdbO36zfhGJ6QEDpOZIFkDtnq5JRxmvl3jsoQ=="],

    "is-glob": ["is-glob@4.0.3", "", { "dependencies": { "is-extglob": "^2.1.1" } }, "sha512-xelSayHH36ZgE7ZWhli7pW34hNbNl8Ojv5KVmkJD4hBdD3th8Tfk9vYasLM+mXWOZhFkgZfxhLSnrwRr4elSSg=="],

    "is-number": ["is-number@7.0.0", "", {}, "sha512-41Cifkg6e8TylSpdtTpeLVMqvSBEVzTttHvERD741+pnZ8ANv0004MRL43QKPDlK9cGvNp6NZWZUBlbGXYxxng=="],

    "is-subdir": ["is-subdir@1.2.0", "", { "dependencies": { "better-path-resolve": "1.0.0" } }, "sha512-2AT6j+gXe/1ueqbW6fLZJiIw3F8iXGJtt0yDrZaBhAZEG1raiTxKWU+IPqMCzQAXOUCKdA4UDMgacKH25XG2Cw=="],

    "is-windows": ["is-windows@1.0.2", "", {}, "sha512-eXK1UInq2bPmjyX6e3VHIzMLobc4J94i4AWn+Hpq3OU5KkrRC96OAcR3PRJ/pGu6m8TRnBHP9dkXQVsT/COVIA=="],

    "isexe": ["isexe@2.0.0", "", {}, "sha512-RHxMLp9lnKHGHRng9QFhRCMbYAcVpn69smSGcq3f36xjgVVWThj4qqLbTLlq7Ssj8B+fIQ1EuCEGI2lKsyQeIw=="],

    "js-yaml": ["js-yaml@4.2.0", "", { "dependencies": { "argparse": "^2.0.1" }, "bin": { "js-yaml": "bin/js-yaml.js" } }, "sha512-ePWsvanv0DWuDRsW8dnt+R4jQ31SCRCQ7hhNcPXZPsoBZiemuZNYGf7adZdqX2D86j6rvKp3RpCxVTSb8WQlOw=="],

    "jsonfile": ["jsonfile@4.0.0", "", { "optionalDependencies": { "graceful-fs": "^4.1.6" } }, "sha512-m6F1R3z8jjlf2imQHS2Qez5sjKWQzbuuhuJ/FKYFRZvPE3PuHcSMVZzfsLhGVOkfd20obL5SWEBew5ShlquNxg=="],

    "kleur": ["kleur@4.1.5", "", {}, "sha512-o+NO+8WrRiQEE4/7nwRJhN1HWpVmJm511pBHUxPLtp0BUISzlBplORYSmTclCnJvQq2tKu/sgl3xVpkc7ZWuQQ=="],

    "locate-path": ["locate-path@5.0.0", "", { "dependencies": { "p-locate": "^4.1.0" } }, "sha512-t7hw9pI+WvuwNJXwk5zVHpyhIqzg2qTlklJOf0mVxGSbe3Fp2VieZcduNYjaLDoy6p9uGpQEGWG87WpMKlNq8g=="],

    "lodash.startcase": ["lodash.startcase@4.4.0", "", {}, "sha512-+WKqsK294HMSc2jEbNgpHpd0JfIBhp7rEV4aqXWqFr6AlXov+SlcgB1Fv01y2kGe3Gc8nMW7VA0SrGuSkRfIEg=="],

    "merge2": ["merge2@1.4.1", "", {}, "sha512-8q7VEgMJW4J8tcfVPy8g09NcQwZdbwFEqhe/WZkoIzjn/3TGDwtOCYtXGxA3O8tPzpczCCDgv+P2P5y00ZJOOg=="],

    "micromatch": ["micromatch@4.0.8", "", { "dependencies": { "braces": "^3.0.3", "picomatch": "^2.3.1" } }, "sha512-PXwfBhYu0hBCPw8Dn0E+WDYb7af3dSLVWKi3HGv84IdF4TyFoC0ysxFd0Goxw7nSv4T/PzEJQxsYsEiFCKo2BA=="],

    "mri": ["mri@1.2.0", "", {}, "sha512-tzzskb3bG8LvYGFF/mDTpq3jpI6Q9wc3LEmBaghu+DdCssd1FakN7Bc0hVNmEyGq1bq3RgfkCb3cmQLpNPOroA=="],

    "node-domexception": ["node-domexception@1.0.0", "", {}, "sha512-/jKZoMpw0F8GRwl4/eLROPA3cfcXtLApP0QzLmUT/HuPCZWyB7IY9ZrMeKw2O/nFIqPQB3PVM9aYm0F312AXDQ=="],

    "node-fetch": ["node-fetch@3.3.2", "", { "dependencies": { "data-uri-to-buffer": "^4.0.0", "fetch-blob": "^3.1.4", "formdata-polyfill": "^4.0.10" } }, "sha512-dRB78srN/l6gqWulah9SrxeYnxeddIG30+GOqK/9OlLVyLg3HPnr6SqOWTWOXKRwC2eGYCkZ59NNuSgvSrpgOA=="],

    "nth-check": ["nth-check@2.1.1", "", { "dependencies": { "boolbase": "^1.0.0" } }, "sha512-lqjrjmaOoAnWfMmBPL+XNnynZh2+swxiX3WUE0s4yEHI6m+AwrK2UZOimIRl3X/4QctVqS8AiZjFqyOGrMXb/w=="],

    "outdent": ["outdent@0.5.0", "", {}, "sha512-/jHxFIzoMXdqPzTaCpFzAAWhpkSjZPF4Vsn6jAfNpmbH/ymsmd7Qc6VE9BGn0L6YMj6uwpQLxCECpus4ukKS9Q=="],

    "p-filter": ["p-filter@2.1.0", "", { "dependencies": { "p-map": "^2.0.0" } }, "sha512-ZBxxZ5sL2HghephhpGAQdoskxplTwr7ICaehZwLIlfL6acuVgZPm8yBNuRAFBGEqtD/hmUeq9eqLg2ys9Xr/yw=="],

    "p-limit": ["p-limit@2.3.0", "", { "dependencies": { "p-try": "^2.0.0" } }, "sha512-//88mFWSJx8lxCzwdAABTJL2MyWB12+eIY7MDL2SqLmAkeKU9qxRvWuSyTjm3FUmpBEMuFfckAIqEaVGUDxb6w=="],

    "p-locate": ["p-locate@4.1.0", "", { "dependencies": { "p-limit": "^2.2.0" } }, "sha512-R79ZZ/0wAxKGu3oYMlz8jy/kbhsNrS7SKZ7PxEHBgJ5+F2mtFW2fK2cOtBh1cHYkQsbzFV7I+EoRKe6Yt0oK7A=="],

    "p-map": ["p-map@2.1.0", "", {}, "sha512-y3b8Kpd8OAN444hxfBbFfj1FY/RjtTd8tzYwhUqNYXx0fXx2iX4maP4Qr6qhIKbQXI02wTLAda4fYUbDagTUFw=="],

    "p-try": ["p-try@2.2.0", "", {}, "sha512-R4nPAVTAU0B9D35/Gk3uJf/7XYbQcyohSKdvAxIRSNghFl4e71hVoGnBNQz9cWaXxO2I10KTC+3jMdvvoKw6dQ=="],

    "package-manager-detector": ["package-manager-detector@0.2.11", "", { "dependencies": { "quansync": "^0.2.7" } }, "sha512-BEnLolu+yuz22S56CU1SUKq3XC3PkwD5wv4ikR4MfGvnRVcmzXR9DwSlW2fEamyTPyXHomBJRzgapeuBvRNzJQ=="],

    "parse5": ["parse5@7.3.0", "", { "dependencies": { "entities": "^6.0.0" } }, "sha512-IInvU7fabl34qmi9gY8XOVxhYyMyuH2xUNpb2q8/Y+7552KlejkRvqvD19nMoUW/uQGGbqNpA6Tufu5FL5BZgw=="],

    "parse5-htmlparser2-tree-adapter": ["parse5-htmlparser2-tree-adapter@7.1.0", "", { "dependencies": { "domhandler": "^5.0.3", "parse5": "^7.0.0" } }, "sha512-ruw5xyKs6lrpo9x9rCZqZZnIUntICjQAd0Wsmp396Ul9lN/h+ifgVV1x1gZHi8euej6wTfpqX8j+BFQxF0NS/g=="],

    "parse5-parser-stream": ["parse5-parser-stream@7.1.2", "", { "dependencies": { "parse5": "^7.0.0" } }, "sha512-JyeQc9iwFLn5TbvvqACIF/VXG6abODeB3Fwmv/TGdLk2LfbWkaySGY72at4+Ty7EkPZj854u4CrICqNk2qIbow=="],

    "path-exists": ["path-exists@4.0.0", "", {}, "sha512-ak9Qy5Q7jYb2Wwcey5Fpvg2KoAc/ZIhLSLOSBmRmygPsGwkVVt0fZa0qrtMz+m6tJTAHfZQ8FnmB4MG4LWy7/w=="],

    "path-key": ["path-key@3.1.1", "", {}, "sha512-ojmeN0qd+y0jszEtoY48r0Peq5dwMEkIlCOu6Q5f41lfkswXuKtYrhgoTpLnyIcHm24Uhqx+5Tqm2InSwLhE6Q=="],

    "path-type": ["path-type@4.0.0", "", {}, "sha512-gDKb8aZMDeD/tZWs9P6+q0J9Mwkdl6xMV8TjnGP3qJVJ06bdMgkbBlLU8IdfOsIsFz2BW1rNVT3XuNEl8zPAvw=="],

    "picocolors": ["picocolors@1.1.1", "", {}, "sha512-xceH2snhtb5M9liqDsmEw56le376mTZkEX/jEb/RxNFyegNul7eNslCXP9FDj/Lcu0X8KEyMceP2ntpaHrDEVA=="],

    "picomatch": ["picomatch@2.3.2", "", {}, "sha512-V7+vQEJ06Z+c5tSye8S+nHUfI51xoXIXjHQ99cQtKUkQqqO1kO/KCJUfZXuB47h/YBlDhah2H3hdUGXn8ie0oA=="],

    "pify": ["pify@4.0.1", "", {}, "sha512-uB80kBFb/tfd68bVleG9T5GGsGPjJrLAUpR5PZIrhBnIaRTQRjqdJSsIKkOP6OAIFbj7GOrcudc5pNjZ+geV2g=="],

    "prettier": ["prettier@2.8.8", "", { "bin": { "prettier": "bin-prettier.js" } }, "sha512-tdN8qQGvNjw4CHbY+XXk0JgCXn9QiF21a55rBe5LJAU+kDyC4WQn4+awm2Xfk2lQMk5fKup9XgzTZtGkjBdP9Q=="],

    "quansync": ["quansync@0.2.11", "", {}, "sha512-AifT7QEbW9Nri4tAwR5M/uzpBuqfZf+zwaEM/QkzEjj7NBuFD2rBuy0K3dE+8wltbezDV7JMA0WfnCPYRSYbXA=="],

    "queue-microtask": ["queue-microtask@1.2.3", "", {}, "sha512-NuaNSa6flKT5JaSYQzJok04JzTL1CA6aGhv5rfLW3PgqA+M2ChpZQnAC8h8i4ZFkBS8X5RqkDBHA7r4hej3K9A=="],

    "read-yaml-file": ["read-yaml-file@1.1.0", "", { "dependencies": { "graceful-fs": "^4.1.5", "js-yaml": "^3.6.1", "pify": "^4.0.1", "strip-bom": "^3.0.0" } }, "sha512-VIMnQi/Z4HT2Fxuwg5KrY174U1VdUIASQVWXXyqtNRtxSr9IYkn1rsI6Tb6HsrHCmB7gVpNwX6JxPTHcH6IoTA=="],

    "resolve-from": ["resolve-from@5.0.0", "", {}, "sha512-qYg9KP24dD5qka9J47d0aVky0N+b4fTU89LN9iDnjB5waksiC49rvMB0PrUJQGoTmH50XPiqOvAjDfaijGxYZw=="],

    "reusify": ["reusify@1.1.0", "", {}, "sha512-g6QUff04oZpHs0eG5p83rFLhHeV00ug/Yf9nZM6fLeUrPguBTkTQOdpAWWspMh55TZfVQDPaN3NQJfbVRAxdIw=="],

    "run-parallel": ["run-parallel@1.2.0", "", { "dependencies": { "queue-microtask": "^1.2.2" } }, "sha512-5l4VyZR86LZ/lDxZTR6jqL8AFE2S0IFLMP26AbjsLVADxHdhB/c0GUsH+y39UfCi3dzz8OlQuPmnaJOMoDHQBA=="],

    "safer-buffer": ["safer-buffer@2.1.2", "", {}, "sha512-YZo3K82SD7Riyi0E1EQPojLz7kpepnSQI9IyPbHHg1XXXevb5dJI7tpyN2ADxGcQbHG7vcyRHk0cbwqcQriUtg=="],

    "semver": ["semver@7.8.4", "", { "bin": { "semver": "bin/semver.js" } }, "sha512-rUCObTnP32Q08R2uuIrt7r9PlEonuTmtuXYcW6s5kjdlj3xbnwe+21yXptAUYcMAABLkYYTtnmzb3w3EDZfueA=="],

    "shebang-command": ["shebang-command@2.0.0", "", { "dependencies": { "shebang-regex": "^3.0.0" } }, "sha512-kHxr2zZpYtdmrN1qDjrrX/Z1rR1kG8Dx+gkpK1G4eXmvXswmcE1hTWBWYUzlraYw1/yZp6YuDY77YtvbN0dmDA=="],

    "shebang-regex": ["shebang-regex@3.0.0", "", {}, "sha512-7++dFhtcx3353uBaq8DDR4NuxBetBzC7ZQOhmTQInHEd6bSrXdiEyzCvG07Z44UYdLShWUyXt5M/yhz8ekcb1A=="],

    "signal-exit": ["signal-exit@4.1.0", "", {}, "sha512-bzyZ1e88w9O1iNJbKnOlvYTrWPDl46O1bG0D3XInv+9tkPrxrN8jUUTiFlDkkmKWgn1M6CfIA13SuGqOa9Korw=="],

    "sisteransi": ["sisteransi@1.0.5", "", {}, "sha512-bLGGlR1QxBcynn2d5YmDX4MGjlZvy2MRBDRNHLJ8VI6l6+9FUiyTFNJ0IveOSP0bcXgVDPRcfGqA0pjaqUpfVg=="],

    "slash": ["slash@3.0.0", "", {}, "sha512-g9Q1haeby36OSStwb4ntCGGGaKsaVSjQ68fBxoQcutl5fS1vuY18H3wSt3jFyFtrkx+Kz0V1G85A4MyAdDMi2Q=="],

    "spawndamnit": ["spawndamnit@3.0.1", "", { "dependencies": { "cross-spawn": "^7.0.5", "signal-exit": "^4.0.1" } }, "sha512-MmnduQUuHCoFckZoWnXsTg7JaiLBJrKFj9UI2MbRPGaJeVpsLcVBu6P/IGZovziM/YBsellCmsprgNA+w0CzVg=="],

    "sprintf-js": ["sprintf-js@1.0.3", "", {}, "sha512-D9cPgkvLlV3t3IzL0D0YLvGA9Ahk4PcvVwUbN0dSGr1aP0Nrt4AEnTUbuGvquEC0mA64Gqt1fzirlRs5ibXx8g=="],

    "string-width": ["string-width@8.2.2", "", { "dependencies": { "get-east-asian-width": "^1.5.0", "strip-ansi": "^7.1.2" } }, "sha512-GaPUh5gfdrYzqeVNZvUfT23vYYxXzKYidUcnMtJg/3rxRV63EFZy3k6xfKlmfeJD0176lnUV/Usr3XcwSvFzpg=="],

    "strip-ansi": ["strip-ansi@7.1.2", "", { "dependencies": { "ansi-regex": "^6.0.1" } }, "sha512-gmBGslpoQJtgnMAvOVqGZpEz9dyoKTCzy2nfz/n8aIFhN/jCE/rCmcxabB6jOOHV+0WNnylOxaxBQPSvcWklhA=="],

    "strip-bom": ["strip-bom@3.0.0", "", {}, "sha512-vavAMRXOgBVNF6nyEEmL3DBK19iRpDcoIwW+swQ+CbGiu7lju6t+JklA1MHweoWtadgt4ISVUsXLyDq34ddcwA=="],

    "term-size": ["term-size@2.2.1", "", {}, "sha512-wK0Ri4fOGjv/XPy8SBHZChl8CM7uMc5VML7SqiQ0zG7+J5Vr+RMQDoHa2CNT6KHUnTGIXH34UDMkPzAUyapBZg=="],

    "to-regex-range": ["to-regex-range@5.0.1", "", { "dependencies": { "is-number": "^7.0.0" } }, "sha512-65P7iz6X5yEr1cwcgvQxbbIw7Uk3gOy5dIdtZ4rDveLqhrdJP+Li/Hx6tyK0NEb+2GCyneCMJiGqrADCSNk8sQ=="],

    "tslib": ["tslib@2.8.1", "", {}, "sha512-oJFu94HQb+KVduSUQL7wnpmqnfmLsOA/nAh6b6EH0wCEoK0/mPeXU6c3wKDV83MkOuHPRHtSXKKU99IBazS/2w=="],

    "typescript": ["typescript@6.0.3", "", { "bin": { "tsc": "bin/tsc", "tsserver": "bin/tsserver" } }, "sha512-y2TvuxSZPDyQakkFRPZHKFm+KKVqIisdg9/CZwm9ftvKXLP8NRWj38/ODjNbr43SsoXqNuAisEf1GdCxqWcdBw=="],

    "undici": ["undici@7.24.7", "", {}, "sha512-H/nlJ/h0ggGC+uRL3ovD+G0i4bqhvsDOpbDv7At5eFLlj2b41L8QliGbnl2H7SnDiYhENphh1tQFJZf+MyfLsQ=="],

    "undici-types": ["undici-types@7.24.6", "", {}, "sha512-WRNW+sJgj5OBN4/0JpHFqtqzhpbnV0GuB+OozA9gCL7a993SmU+1JBZCzLNxYsbMfIeDL+lTsphD5jN5N+n0zg=="],

    "universalify": ["universalify@0.1.2", "", {}, "sha512-rBJeI5CXAlmy1pV+617WB9J63U6XcazHHF2f2dbJix4XzpUF0RS3Zbj0FGIOCAva5P/d/GBOYaACQ1w+0azUkg=="],

    "web-streams-polyfill": ["web-streams-polyfill@3.3.3", "", {}, "sha512-d2JWLCivmZYTSIoge9MsgFCZrt571BikcWGYkjC1khllbTeDlGqZ2D8vD8E/lJa8WGWbb7Plm8/XJYV7IJHZZw=="],

    "whatwg-encoding": ["whatwg-encoding@3.1.1", "", { "dependencies": { "iconv-lite": "0.6.3" } }, "sha512-6qN4hJdMwfYBtE3YBTTHhoeuUrDBPZmbQaxWAqSALV/MeEnR5z1xd8UKud2RAkFoPkmB+hli1TZSnyi84xz1vQ=="],

    "whatwg-mimetype": ["whatwg-mimetype@4.0.0", "", {}, "sha512-QaKxh0eNIi2mE9p2vEdzfagOKHCcj1pJ56EEHGQOVxp8r9/iszLUUV7v89x9O1p/T+NlTM5W7jW6+cz4Fq1YVg=="],

    "which": ["which@2.0.2", "", { "dependencies": { "isexe": "^2.0.0" }, "bin": { "node-which": "./bin/node-which" } }, "sha512-BLI3Tl1TW3Pvl70l3yq3Y64i+awpwXqsGBYWkkqMtnbXgrMD+yj7rhW0kuEDxzJaYXGjEW5ogapKNMEKNMjibA=="],

    "@manypkg/find-root/@types/node": ["@types/node@12.20.55", "", {}, "sha512-J8xLz7q2OFulZ2cyGTLE1TbbZcjpno7FaN6zdJNrgAdrJ+DZzh/uFR6YrTb4C+nXakvud8Q4+rbhoIWlYQbUFQ=="],

    "@manypkg/find-root/fs-extra": ["fs-extra@8.1.0", "", { "dependencies": { "graceful-fs": "^4.2.0", "jsonfile": "^4.0.0", "universalify": "^0.1.0" } }, "sha512-yhlQgA6mnOJUKOsRUFsgJdQCvkKhcz8tlZG5HBQfReYZy46OwLcY+Zia0mtdHsOo9y/hP+CxMN0TU9QxoOtG4g=="],

    "@manypkg/get-packages/@changesets/types": ["@changesets/types@4.1.0", "", {}, "sha512-LDQvVDv5Kb50ny2s25Fhm3d9QSZimsoUGBsUioj6MC3qbMUCuC8GPIvk/M6IvXx3lYhAs0lwWUQLb+VIEUCECw=="],

    "@manypkg/get-packages/fs-extra": ["fs-extra@8.1.0", "", { "dependencies": { "graceful-fs": "^4.2.0", "jsonfile": "^4.0.0", "universalify": "^0.1.0" } }, "sha512-yhlQgA6mnOJUKOsRUFsgJdQCvkKhcz8tlZG5HBQfReYZy46OwLcY+Zia0mtdHsOo9y/hP+CxMN0TU9QxoOtG4g=="],

    "encoding-sniffer/iconv-lite": ["iconv-lite@0.6.3", "", { "dependencies": { "safer-buffer": ">= 2.1.2 < 3.0.0" } }, "sha512-4fCk79wshMdzMp2rH06qWrJE4iolqLhCUH+OiuIgU++RB0+94NlDL81atO7GX55uUKueo0txHNtvEyI6D7WdMw=="],

    "enquirer/strip-ansi": ["strip-ansi@6.0.1", "", { "dependencies": { "ansi-regex": "^5.0.1" } }, "sha512-Y38VPSHcqkFrCpFnQ9vuSXmquuv5oXOKpGeT6aGrr3o3Gc9AlVa6JBfUSOCnbxGGZF+/0ooI7KrPuUSztUdU5A=="],

    "htmlparser2/entities": ["entities@7.0.1", "", {}, "sha512-TWrgLOFUQTH994YUyl1yT4uyavY5nNB5muff+RtWaqNVCAK408b5ZnnbNAUEWLTCpum9w6arT70i1XdQ4UeOPA=="],

    "parse5/entities": ["entities@6.0.1", "", {}, "sha512-aN97NXWF6AWBTahfVOIrB/NShkzi5H7F9r1s9mD3cDj4Ko5f2qhhVoYMibXF7GlLveb/D2ioWay8lxI97Ven3g=="],

    "read-yaml-file/js-yaml": ["js-yaml@3.14.2", "", { "dependencies": { "argparse": "^1.0.7", "esprima": "^4.0.0" }, "bin": { "js-yaml": "bin/js-yaml.js" } }, "sha512-PMSmkqxr106Xa156c2M265Z+FTrPl+oxd/rgOQy2tijQeK5TxQ43psO1ZCwhVOSdnn+RzkzlRz/eY4BgJBYVpg=="],

    "whatwg-encoding/iconv-lite": ["iconv-lite@0.6.3", "", { "dependencies": { "safer-buffer": ">= 2.1.2 < 3.0.0" } }, "sha512-4fCk79wshMdzMp2rH06qWrJE4iolqLhCUH+OiuIgU++RB0+94NlDL81atO7GX55uUKueo0txHNtvEyI6D7WdMw=="],

    "enquirer/strip-ansi/ansi-regex": ["ansi-regex@5.0.1", "", {}, "sha512-quJQXlTSUGL2LH9SUXo8VwsY4soanhgo6LNSm84E1LBcE8s3O0wpdiRzyR9z/ZZJMlMWv37qOOb9pdJlMUEKFQ=="],

    "read-yaml-file/js-yaml/argparse": ["argparse@1.0.10", "", { "dependencies": { "sprintf-js": "~1.0.2" } }, "sha512-o5Roy6tNG4SL/FOkCAN6RzjiakZS25RLYFrcMttJqbdd8BWrnA+fGz57iN5Pb06pvBGvl5gQ0B48dJlslXvoTg=="],
  }
}
